PODS:
  - Mantle (2.0.7):
    - Mantle/extobjc (= 2.0.7)
  - Mantle/extobjc (2.0.7)
  - OMGHTTPURLRQ (3.2.0):
    - OMGHTTPURLRQ/RQ (= 3.2.0)
  - OMGHTTPURLRQ/FormURLEncode (3.2.0)
  - OMGHTTPURLRQ/RQ (3.2.0):
    - OMGHTTPURLRQ/FormURLEncode
    - OMGHTTPURLRQ/UserAgent
  - OMGHTTPURLRQ/UserAgent (3.2.0)
  - PromiseKit (3.5.1):
    - PromiseKit/Foundation (= 3.5.1)
    - PromiseKit/QuartzCore (= 3.5.1)
    - PromiseKit/UIKit (= 3.5.1)
  - PromiseKit/CorePromise (3.5.1)
  - PromiseKit/Foundation (3.5.1):
    - OMGHTTPURLRQ (~> 3.2.0)
    - PromiseKit/CorePromise
  - PromiseKit/QuartzCore (3.5.1):
    - PromiseKit/CorePromise
  - PromiseKit/UIKit (3.5.1):
    - PromiseKit/CorePromise

DEPENDENCIES:
  - Mantle (~> 2.0)
  - PromiseKit (~> 3.5)

SPEC CHECKSUMS:
  Mantle: bc40bb061d8c2c6fb48d5083e04d928c3b7f73d9
  OMGHTTPURLRQ: 1e54807cb7d5dbb506926e53498e1e9ac5720c79
  PromiseKit: 99ea973444a4bff6c38ffb97fa1bb175e619bcf0

COCOAPODS: 0.37.2
